// !$*UTF8*$!
{
	archiveVersion = 1;
	classes = {
	};
	objectVersion = 55;
	objects = {

/* Begin PBXBuildFile section */
		48C1F8BC29B9E5C9003BE048 /* Kingfisher in Frameworks */ = {isa = PBXBuildFile; productRef = 48C1F8BB29B9E5C9003BE048 /* Kingfisher */; };
		48C1F8BF29B9E6D1003BE048 /* Boutique in Frameworks */ = {isa = PBXBuildFile; productRef = 48C1F8BE29B9E6D1003BE048 /* Boutique */; };
		48C1F8C229B9E795003BE048 /* Store+common.swift in Sources */ = {isa = PBXBuildFile; fileRef = 48C1F8C129B9E795003BE048 /* Store+common.swift */; };
		48C1F8C329B9E795003BE048 /* Store+common.swift in Sources */ = {isa = PBXBuildFile; fileRef = 48C1F8C129B9E795003BE048 /* Store+common.swift */; };
		48C1F8C629B9E80D003BE048 /* DTOs+Equatable.swift in Sources */ = {isa = PBXBuildFile; fileRef = 48C1F8C529B9E80D003BE048 /* DTOs+Equatable.swift */; };
		48C1F8C729B9E80D003BE048 /* DTOs+Equatable.swift in Sources */ = {isa = PBXBuildFile; fileRef = 48C1F8C529B9E80D003BE048 /* DTOs+Equatable.swift */; };
		48C1F8C929B9EA60003BE048 /* DTOs+Identifiable.swift in Sources */ = {isa = PBXBuildFile; fileRef = 48C1F8C829B9EA60003BE048 /* DTOs+Identifiable.swift */; };
		48C1F8CA29B9EA60003BE048 /* DTOs+Identifiable.swift in Sources */ = {isa = PBXBuildFile; fileRef = 48C1F8C829B9EA60003BE048 /* DTOs+Identifiable.swift */; };
		48C1F8CD29B9EE97003BE048 /* SFSafeSymbols in Frameworks */ = {isa = PBXBuildFile; productRef = 48C1F8CC29B9EE97003BE048 /* SFSafeSymbols */; };
		48C1F8D029B9F3E4003BE048 /* DefaultAlbumService.swift in Sources */ = {isa = PBXBuildFile; fileRef = 48C1F8CF29B9F3E4003BE048 /* DefaultAlbumService.swift */; };
		48C1F8D129B9F3E4003BE048 /* DefaultAlbumService.swift in Sources */ = {isa = PBXBuildFile; fileRef = 48C1F8CF29B9F3E4003BE048 /* DefaultAlbumService.swift */; };
		48C1F8D729B9FDDF003BE048 /* DummyAlbumService.swift in Sources */ = {isa = PBXBuildFile; fileRef = 48C1F8D629B9FDDF003BE048 /* DummyAlbumService.swift */; };
		48C1F8D829B9FDDF003BE048 /* DummyAlbumService.swift in Sources */ = {isa = PBXBuildFile; fileRef = 48C1F8D629B9FDDF003BE048 /* DummyAlbumService.swift */; };
		48C1F8DA29B9FEB9003BE048 /* AlbumService.swift in Sources */ = {isa = PBXBuildFile; fileRef = 48C1F8D929B9FEB9003BE048 /* AlbumService.swift */; };
		48C1F8DB29B9FEB9003BE048 /* AlbumService.swift in Sources */ = {isa = PBXBuildFile; fileRef = 48C1F8D929B9FEB9003BE048 /* AlbumService.swift */; };
		48C1F8DD29B9FF91003BE048 /* API.swift in Sources */ = {isa = PBXBuildFile; fileRef = 48C1F8DC29B9FF91003BE048 /* API.swift */; };
		48C1F8DE29B9FF91003BE048 /* API.swift in Sources */ = {isa = PBXBuildFile; fileRef = 48C1F8DC29B9FF91003BE048 /* API.swift */; };
		9B70BD9D29B91F42000DB31C /* AlbumTile.swift in Sources */ = {isa = PBXBuildFile; fileRef = 9B70BD9C29B91F42000DB31C /* AlbumTile.swift */; };
		9B70BD9E29B91F42000DB31C /* AlbumTile.swift in Sources */ = {isa = PBXBuildFile; fileRef = 9B70BD9C29B91F42000DB31C /* AlbumTile.swift */; };
		9B70BDA029B923AE000DB31C /* AlbumView.swift in Sources */ = {isa = PBXBuildFile; fileRef = 9B70BD9F29B923AE000DB31C /* AlbumView.swift */; };
		9B70BDA129B923AE000DB31C /* AlbumView.swift in Sources */ = {isa = PBXBuildFile; fileRef = 9B70BD9F29B923AE000DB31C /* AlbumView.swift */; };
		9B80474329B768010069B407 /* JellyMusicApp.swift in Sources */ = {isa = PBXBuildFile; fileRef = 9B80473329B768000069B407 /* JellyMusicApp.swift */; };
		9B80474429B768010069B407 /* JellyMusicApp.swift in Sources */ = {isa = PBXBuildFile; fileRef = 9B80473329B768000069B407 /* JellyMusicApp.swift */; };
		9B80474529B768010069B407 /* ContentView.swift in Sources */ = {isa = PBXBuildFile; fileRef = 9B80473429B768000069B407 /* ContentView.swift */; };
		9B80474629B768010069B407 /* ContentView.swift in Sources */ = {isa = PBXBuildFile; fileRef = 9B80473429B768000069B407 /* ContentView.swift */; };
		9B80474729B768010069B407 /* Assets.xcassets in Resources */ = {isa = PBXBuildFile; fileRef = 9B80473529B768010069B407 /* Assets.xcassets */; };
		9B80474829B768010069B407 /* Assets.xcassets in Resources */ = {isa = PBXBuildFile; fileRef = 9B80473529B768010069B407 /* Assets.xcassets */; };
		9B80475229B7C7E30069B407 /* MacSettingsView.swift in Sources */ = {isa = PBXBuildFile; fileRef = 9B80475129B7C7E30069B407 /* MacSettingsView.swift */; };
		9B80475329B7C7E30069B407 /* MacSettingsView.swift in Sources */ = {isa = PBXBuildFile; fileRef = 9B80475129B7C7E30069B407 /* MacSettingsView.swift */; };
		9B80475529B7CDA40069B407 /* SignInView.swift in Sources */ = {isa = PBXBuildFile; fileRef = 9B80475429B7CDA40069B407 /* SignInView.swift */; };
		9B80475629B7CDA40069B407 /* SignInView.swift in Sources */ = {isa = PBXBuildFile; fileRef = 9B80475429B7CDA40069B407 /* SignInView.swift */; };
		9B80475829B7D4BF0069B407 /* ServerUrlView.swift in Sources */ = {isa = PBXBuildFile; fileRef = 9B80475729B7D4BF0069B407 /* ServerUrlView.swift */; };
		9B80475929B7D4BF0069B407 /* ServerUrlView.swift in Sources */ = {isa = PBXBuildFile; fileRef = 9B80475729B7D4BF0069B407 /* ServerUrlView.swift */; };
		9B80475E29B7D5330069B407 /* HomeView.swift in Sources */ = {isa = PBXBuildFile; fileRef = 9B80475D29B7D5330069B407 /* HomeView.swift */; };
		9B80476629B86F460069B407 /* LibraryView.swift in Sources */ = {isa = PBXBuildFile; fileRef = 9B80476529B86F460069B407 /* LibraryView.swift */; };
		9B80477029B89EE40069B407 /* AlbumListView.swift in Sources */ = {isa = PBXBuildFile; fileRef = 9B80476F29B89EE40069B407 /* AlbumListView.swift */; };
		9B80477129B89EE40069B407 /* AlbumListView.swift in Sources */ = {isa = PBXBuildFile; fileRef = 9B80476F29B89EE40069B407 /* AlbumListView.swift */; };
		9B80477A29B8C8250069B407 /* AccountSettingsView.swift in Sources */ = {isa = PBXBuildFile; fileRef = 9B80477929B8C8250069B407 /* AccountSettingsView.swift */; };
		9B80477E29B8CDF80069B407 /* SettingsView.swift in Sources */ = {isa = PBXBuildFile; fileRef = 9B80477D29B8CDF80069B407 /* SettingsView.swift */; };
		9B80478029B8CE800069B407 /* AppearanceSettingsView.swift in Sources */ = {isa = PBXBuildFile; fileRef = 9B80477F29B8CE800069B407 /* AppearanceSettingsView.swift */; };
		9BB754D629B93F3C009BB3A6 /* JellyfinAPI in Frameworks */ = {isa = PBXBuildFile; productRef = 9BB754D529B93F3C009BB3A6 /* JellyfinAPI */; };
		9BB754DB29BA604C009BB3A6 /* DTOs.swift in Sources */ = {isa = PBXBuildFile; fileRef = 9BB754DA29BA604C009BB3A6 /* DTOs.swift */; };
		9BB754DC29BA604C009BB3A6 /* DTOs.swift in Sources */ = {isa = PBXBuildFile; fileRef = 9BB754DA29BA604C009BB3A6 /* DTOs.swift */; };
		9BB754DE29BA8522009BB3A6 /* DTOs+Codable.swift in Sources */ = {isa = PBXBuildFile; fileRef = 9BB754DD29BA8522009BB3A6 /* DTOs+Codable.swift */; };
		9BB754DF29BA8522009BB3A6 /* DTOs+Codable.swift in Sources */ = {isa = PBXBuildFile; fileRef = 9BB754DD29BA8522009BB3A6 /* DTOs+Codable.swift */; };
		9BDB098D29BB1DD9007F99E4 /* SongService.swift in Sources */ = {isa = PBXBuildFile; fileRef = 9BDB098C29BB1DD9007F99E4 /* SongService.swift */; };
		9BDB098E29BB1DD9007F99E4 /* SongService.swift in Sources */ = {isa = PBXBuildFile; fileRef = 9BDB098C29BB1DD9007F99E4 /* SongService.swift */; };
		9BDB099029BB1E73007F99E4 /* DefaultSongService.swift in Sources */ = {isa = PBXBuildFile; fileRef = 9BDB098F29BB1E73007F99E4 /* DefaultSongService.swift */; };
		9BDB099129BB1E73007F99E4 /* DefaultSongService.swift in Sources */ = {isa = PBXBuildFile; fileRef = 9BDB098F29BB1E73007F99E4 /* DefaultSongService.swift */; };
		9BDB099329BB1F57007F99E4 /* DummySongService.swift in Sources */ = {isa = PBXBuildFile; fileRef = 9BDB099229BB1F57007F99E4 /* DummySongService.swift */; };
		9BDB099429BB1F57007F99E4 /* DummySongService.swift in Sources */ = {isa = PBXBuildFile; fileRef = 9BDB099229BB1F57007F99E4 /* DummySongService.swift */; };
/* End PBXBuildFile section */

/* Begin PBXFileReference section */
		48C1F8C129B9E795003BE048 /* Store+common.swift */ = {isa = PBXFileReference; lastKnownFileType = sourcecode.swift; path = "Store+common.swift"; sourceTree = "<group>"; };
		48C1F8C529B9E80D003BE048 /* DTOs+Equatable.swift */ = {isa = PBXFileReference; lastKnownFileType = sourcecode.swift; path = "DTOs+Equatable.swift"; sourceTree = "<group>"; };
		48C1F8C829B9EA60003BE048 /* DTOs+Identifiable.swift */ = {isa = PBXFileReference; lastKnownFileType = sourcecode.swift; path = "DTOs+Identifiable.swift"; sourceTree = "<group>"; };
		48C1F8CF29B9F3E4003BE048 /* DefaultAlbumService.swift */ = {isa = PBXFileReference; lastKnownFileType = sourcecode.swift; path = DefaultAlbumService.swift; sourceTree = "<group>"; };
		48C1F8D629B9FDDF003BE048 /* DummyAlbumService.swift */ = {isa = PBXFileReference; lastKnownFileType = sourcecode.swift; path = DummyAlbumService.swift; sourceTree = "<group>"; };
		48C1F8D929B9FEB9003BE048 /* AlbumService.swift */ = {isa = PBXFileReference; lastKnownFileType = sourcecode.swift; path = AlbumService.swift; sourceTree = "<group>"; };
		48C1F8DC29B9FF91003BE048 /* API.swift */ = {isa = PBXFileReference; lastKnownFileType = sourcecode.swift; path = API.swift; sourceTree = "<group>"; };
		9B70BD9C29B91F42000DB31C /* AlbumTile.swift */ = {isa = PBXFileReference; lastKnownFileType = sourcecode.swift; path = AlbumTile.swift; sourceTree = "<group>"; };
		9B70BD9F29B923AE000DB31C /* AlbumView.swift */ = {isa = PBXFileReference; lastKnownFileType = sourcecode.swift; path = AlbumView.swift; sourceTree = "<group>"; };
		9B80473329B768000069B407 /* JellyMusicApp.swift */ = {isa = PBXFileReference; lastKnownFileType = sourcecode.swift; path = JellyMusicApp.swift; sourceTree = "<group>"; };
		9B80473429B768000069B407 /* ContentView.swift */ = {isa = PBXFileReference; lastKnownFileType = sourcecode.swift; path = ContentView.swift; sourceTree = "<group>"; };
		9B80473529B768010069B407 /* Assets.xcassets */ = {isa = PBXFileReference; lastKnownFileType = folder.assetcatalog; path = Assets.xcassets; sourceTree = "<group>"; };
		9B80473A29B768010069B407 /* JellyMusic.app */ = {isa = PBXFileReference; explicitFileType = wrapper.application; includeInIndex = 0; path = JellyMusic.app; sourceTree = BUILT_PRODUCTS_DIR; };
		9B80474029B768010069B407 /* JellyMusic.app */ = {isa = PBXFileReference; explicitFileType = wrapper.application; includeInIndex = 0; path = JellyMusic.app; sourceTree = BUILT_PRODUCTS_DIR; };
		9B80474229B768010069B407 /* macOS.entitlements */ = {isa = PBXFileReference; lastKnownFileType = text.plist.entitlements; path = macOS.entitlements; sourceTree = "<group>"; };
		9B80475129B7C7E30069B407 /* MacSettingsView.swift */ = {isa = PBXFileReference; lastKnownFileType = sourcecode.swift; path = MacSettingsView.swift; sourceTree = "<group>"; };
		9B80475429B7CDA40069B407 /* SignInView.swift */ = {isa = PBXFileReference; lastKnownFileType = sourcecode.swift; path = SignInView.swift; sourceTree = "<group>"; };
		9B80475729B7D4BF0069B407 /* ServerUrlView.swift */ = {isa = PBXFileReference; lastKnownFileType = sourcecode.swift; path = ServerUrlView.swift; sourceTree = "<group>"; };
		9B80475D29B7D5330069B407 /* HomeView.swift */ = {isa = PBXFileReference; lastKnownFileType = sourcecode.swift; path = HomeView.swift; sourceTree = "<group>"; };
		9B80476529B86F460069B407 /* LibraryView.swift */ = {isa = PBXFileReference; lastKnownFileType = sourcecode.swift; path = LibraryView.swift; sourceTree = "<group>"; };
		9B80476F29B89EE40069B407 /* AlbumListView.swift */ = {isa = PBXFileReference; lastKnownFileType = sourcecode.swift; path = AlbumListView.swift; sourceTree = "<group>"; };
		9B80477929B8C8250069B407 /* AccountSettingsView.swift */ = {isa = PBXFileReference; lastKnownFileType = sourcecode.swift; path = AccountSettingsView.swift; sourceTree = "<group>"; };
		9B80477D29B8CDF80069B407 /* SettingsView.swift */ = {isa = PBXFileReference; lastKnownFileType = sourcecode.swift; path = SettingsView.swift; sourceTree = "<group>"; };
		9B80477F29B8CE800069B407 /* AppearanceSettingsView.swift */ = {isa = PBXFileReference; lastKnownFileType = sourcecode.swift; path = AppearanceSettingsView.swift; sourceTree = "<group>"; };
		9BB754DA29BA604C009BB3A6 /* DTOs.swift */ = {isa = PBXFileReference; lastKnownFileType = sourcecode.swift; path = DTOs.swift; sourceTree = "<group>"; };
		9BB754DD29BA8522009BB3A6 /* DTOs+Codable.swift */ = {isa = PBXFileReference; lastKnownFileType = sourcecode.swift; path = "DTOs+Codable.swift"; sourceTree = "<group>"; };
		9BDB098C29BB1DD9007F99E4 /* SongService.swift */ = {isa = PBXFileReference; lastKnownFileType = sourcecode.swift; path = SongService.swift; sourceTree = "<group>"; };
		9BDB098F29BB1E73007F99E4 /* DefaultSongService.swift */ = {isa = PBXFileReference; lastKnownFileType = sourcecode.swift; path = DefaultSongService.swift; sourceTree = "<group>"; };
		9BDB099229BB1F57007F99E4 /* DummySongService.swift */ = {isa = PBXFileReference; lastKnownFileType = sourcecode.swift; path = DummySongService.swift; sourceTree = "<group>"; };
/* End PBXFileReference section */

/* Begin PBXFrameworksBuildPhase section */
		9B80473729B768010069B407 /* Frameworks */ = {
			isa = PBXFrameworksBuildPhase;
			buildActionMask = 2147483647;
			files = (
				48C1F8BC29B9E5C9003BE048 /* Kingfisher in Frameworks */,
				48C1F8BF29B9E6D1003BE048 /* Boutique in Frameworks */,
				48C1F8CD29B9EE97003BE048 /* SFSafeSymbols in Frameworks */,
				9BB754D629B93F3C009BB3A6 /* JellyfinAPI in Frameworks */,
			);
			runOnlyForDeploymentPostprocessing = 0;
		};
		9B80473D29B768010069B407 /* Frameworks */ = {
			isa = PBXFrameworksBuildPhase;
			buildActionMask = 2147483647;
			files = (
			);
			runOnlyForDeploymentPostprocessing = 0;
		};
/* End PBXFrameworksBuildPhase section */

/* Begin PBXGroup section */
		48C1F8C429B9E7FF003BE048 /* Store */ = {
			isa = PBXGroup;
			children = (
				9BB754DA29BA604C009BB3A6 /* DTOs.swift */,
				48C1F8C129B9E795003BE048 /* Store+common.swift */,
				48C1F8C829B9EA60003BE048 /* DTOs+Identifiable.swift */,
				48C1F8C529B9E80D003BE048 /* DTOs+Equatable.swift */,
				9BB754DD29BA8522009BB3A6 /* DTOs+Codable.swift */,
			);
			path = Store;
			sourceTree = "<group>";
		};
		48C1F8CE29B9F3DB003BE048 /* Services */ = {
			isa = PBXGroup;
			children = (
				9BDB099529BB2F8B007F99E4 /* AlbumService */,
				9BDB099629BB2F9A007F99E4 /* SongService */,
			);
			path = Services;
			sourceTree = "<group>";
		};
		9B70BDA229B93228000DB31C /* Components */ = {
			isa = PBXGroup;
			children = (
				9B70BD9C29B91F42000DB31C /* AlbumTile.swift */,
			);
			path = Components;
			sourceTree = "<group>";
		};
		9B70BDA329B93234000DB31C /* Views */ = {
			isa = PBXGroup;
			children = (
				9B80473429B768000069B407 /* ContentView.swift */,
				9B80475429B7CDA40069B407 /* SignInView.swift */,
				9B80475729B7D4BF0069B407 /* ServerUrlView.swift */,
				9B80476F29B89EE40069B407 /* AlbumListView.swift */,
				9B70BD9F29B923AE000DB31C /* AlbumView.swift */,
			);
			path = Views;
			sourceTree = "<group>";
		};
		9B80472D29B768000069B407 = {
			isa = PBXGroup;
			children = (
				9B80475C29B7D5140069B407 /* iOS */,
				9B80473229B768000069B407 /* Shared */,
				9B80474129B768010069B407 /* macOS */,
				9B80473B29B768010069B407 /* Products */,
			);
			sourceTree = "<group>";
		};
		9B80473229B768000069B407 /* Shared */ = {
			isa = PBXGroup;
			children = (
				48C1F8CE29B9F3DB003BE048 /* Services */,
				48C1F8C429B9E7FF003BE048 /* Store */,
				9B70BDA329B93234000DB31C /* Views */,
				9B70BDA229B93228000DB31C /* Components */,
				9B80473329B768000069B407 /* JellyMusicApp.swift */,
				48C1F8DC29B9FF91003BE048 /* API.swift */,
				9B80473529B768010069B407 /* Assets.xcassets */,
			);
			path = Shared;
			sourceTree = "<group>";
		};
		9B80473B29B768010069B407 /* Products */ = {
			isa = PBXGroup;
			children = (
				9B80473A29B768010069B407 /* JellyMusic.app */,
				9B80474029B768010069B407 /* JellyMusic.app */,
			);
			name = Products;
			sourceTree = "<group>";
		};
		9B80474129B768010069B407 /* macOS */ = {
			isa = PBXGroup;
			children = (
				9B80475129B7C7E30069B407 /* MacSettingsView.swift */,
				9B80474229B768010069B407 /* macOS.entitlements */,
			);
			path = macOS;
			sourceTree = "<group>";
		};
		9B80475C29B7D5140069B407 /* iOS */ = {
			isa = PBXGroup;
			children = (
				9B80475D29B7D5330069B407 /* HomeView.swift */,
				9B80476529B86F460069B407 /* LibraryView.swift */,
				9B80477929B8C8250069B407 /* AccountSettingsView.swift */,
				9B80477D29B8CDF80069B407 /* SettingsView.swift */,
				9B80477F29B8CE800069B407 /* AppearanceSettingsView.swift */,
			);
			path = iOS;
			sourceTree = "<group>";
		};
		9BDB099529BB2F8B007F99E4 /* AlbumService */ = {
			isa = PBXGroup;
			children = (
				48C1F8CF29B9F3E4003BE048 /* DefaultAlbumService.swift */,
				48C1F8D629B9FDDF003BE048 /* DummyAlbumService.swift */,
				48C1F8D929B9FEB9003BE048 /* AlbumService.swift */,
			);
			path = AlbumService;
			sourceTree = "<group>";
		};
		9BDB099629BB2F9A007F99E4 /* SongService */ = {
			isa = PBXGroup;
			children = (
				9BDB098C29BB1DD9007F99E4 /* SongService.swift */,
				9BDB098F29BB1E73007F99E4 /* DefaultSongService.swift */,
				9BDB099229BB1F57007F99E4 /* DummySongService.swift */,
			);
			path = SongService;
			sourceTree = "<group>";
		};
/* End PBXGroup section */

/* Begin PBXNativeTarget section */
		9B80473929B768010069B407 /* JellyMusic (iOS) */ = {
			isa = PBXNativeTarget;
			buildConfigurationList = 9B80474B29B768010069B407 /* Build configuration list for PBXNativeTarget "JellyMusic (iOS)" */;
			buildPhases = (
				9B80473629B768010069B407 /* Sources */,
				9B80473729B768010069B407 /* Frameworks */,
				9B80473829B768010069B407 /* Resources */,
			);
			buildRules = (
			);
			dependencies = (
			);
			name = "JellyMusic (iOS)";
			packageProductDependencies = (
				9BB754D529B93F3C009BB3A6 /* JellyfinAPI */,
				48C1F8BB29B9E5C9003BE048 /* Kingfisher */,
				48C1F8BE29B9E6D1003BE048 /* Boutique */,
				48C1F8CC29B9EE97003BE048 /* SFSafeSymbols */,
			);
			productName = "JellyMusic (iOS)";
			productReference = 9B80473A29B768010069B407 /* JellyMusic.app */;
			productType = "com.apple.product-type.application";
		};
		9B80473F29B768010069B407 /* JellyMusic (macOS) */ = {
			isa = PBXNativeTarget;
			buildConfigurationList = 9B80474E29B768010069B407 /* Build configuration list for PBXNativeTarget "JellyMusic (macOS)" */;
			buildPhases = (
				9B80473C29B768010069B407 /* Sources */,
				9B80473D29B768010069B407 /* Frameworks */,
				9B80473E29B768010069B407 /* Resources */,
			);
			buildRules = (
			);
			dependencies = (
			);
			name = "JellyMusic (macOS)";
			productName = "JellyMusic (macOS)";
			productReference = 9B80474029B768010069B407 /* JellyMusic.app */;
			productType = "com.apple.product-type.application";
		};
/* End PBXNativeTarget section */

/* Begin PBXProject section */
		9B80472E29B768000069B407 /* Project object */ = {
			isa = PBXProject;
			attributes = {
				BuildIndependentTargetsInParallel = 1;
				LastSwiftUpdateCheck = 1320;
				LastUpgradeCheck = 1420;
				TargetAttributes = {
					9B80473929B768010069B407 = {
						CreatedOnToolsVersion = 13.2.1;
					};
					9B80473F29B768010069B407 = {
						CreatedOnToolsVersion = 13.2.1;
					};
				};
			};
			buildConfigurationList = 9B80473129B768000069B407 /* Build configuration list for PBXProject "JellyMusic" */;
			compatibilityVersion = "Xcode 13.0";
			developmentRegion = en;
			hasScannedForEncodings = 0;
			knownRegions = (
				en,
				Base,
			);
			mainGroup = 9B80472D29B768000069B407;
			packageReferences = (
				9BB754D429B93F3C009BB3A6 /* XCRemoteSwiftPackageReference "jellyfin-sdk-swift" */,
				48C1F8BA29B9E5C9003BE048 /* XCRemoteSwiftPackageReference "Kingfisher" */,
				48C1F8BD29B9E6D1003BE048 /* XCRemoteSwiftPackageReference "Boutique" */,
				48C1F8CB29B9EE97003BE048 /* XCRemoteSwiftPackageReference "SFSafeSymbols" */,
			);
			productRefGroup = 9B80473B29B768010069B407 /* Products */;
			projectDirPath = "";
			projectRoot = "";
			targets = (
				9B80473929B768010069B407 /* JellyMusic (iOS) */,
				9B80473F29B768010069B407 /* JellyMusic (macOS) */,
			);
		};
/* End PBXProject section */

/* Begin PBXResourcesBuildPhase section */
		9B80473829B768010069B407 /* Resources */ = {
			isa = PBXResourcesBuildPhase;
			buildActionMask = 2147483647;
			files = (
				9B80474729B768010069B407 /* Assets.xcassets in Resources */,
			);
			runOnlyForDeploymentPostprocessing = 0;
		};
		9B80473E29B768010069B407 /* Resources */ = {
			isa = PBXResourcesBuildPhase;
			buildActionMask = 2147483647;
			files = (
				9B80474829B768010069B407 /* Assets.xcassets in Resources */,
			);
			runOnlyForDeploymentPostprocessing = 0;
		};
/* End PBXResourcesBuildPhase section */

/* Begin PBXSourcesBuildPhase section */
		9B80473629B768010069B407 /* Sources */ = {
			isa = PBXSourcesBuildPhase;
			buildActionMask = 2147483647;
			files = (
				9BDB099029BB1E73007F99E4 /* DefaultSongService.swift in Sources */,
				9BB754DE29BA8522009BB3A6 /* DTOs+Codable.swift in Sources */,
				9B80475229B7C7E30069B407 /* MacSettingsView.swift in Sources */,
				9B80477A29B8C8250069B407 /* AccountSettingsView.swift in Sources */,
				9B80478029B8CE800069B407 /* AppearanceSettingsView.swift in Sources */,
				9B80477029B89EE40069B407 /* AlbumListView.swift in Sources */,
				48C1F8C229B9E795003BE048 /* Store+common.swift in Sources */,
				9B80476629B86F460069B407 /* LibraryView.swift in Sources */,
				9BB754DB29BA604C009BB3A6 /* DTOs.swift in Sources */,
				9BDB098D29BB1DD9007F99E4 /* SongService.swift in Sources */,
				9B80474529B768010069B407 /* ContentView.swift in Sources */,
				9B70BDA029B923AE000DB31C /* AlbumView.swift in Sources */,
				48C1F8C629B9E80D003BE048 /* DTOs+Equatable.swift in Sources */,
				9B80475529B7CDA40069B407 /* SignInView.swift in Sources */,
				48C1F8D729B9FDDF003BE048 /* DummyAlbumService.swift in Sources */,
				9B80474329B768010069B407 /* JellyMusicApp.swift in Sources */,
				48C1F8D029B9F3E4003BE048 /* DefaultAlbumService.swift in Sources */,
				9B80475E29B7D5330069B407 /* HomeView.swift in Sources */,
				48C1F8DD29B9FF91003BE048 /* API.swift in Sources */,
				48C1F8C929B9EA60003BE048 /* DTOs+Identifiable.swift in Sources */,
				9B70BD9D29B91F42000DB31C /* AlbumTile.swift in Sources */,
				9B80475829B7D4BF0069B407 /* ServerUrlView.swift in Sources */,
				48C1F8DA29B9FEB9003BE048 /* AlbumService.swift in Sources */,
				9BDB099329BB1F57007F99E4 /* DummySongService.swift in Sources */,
				9B80477E29B8CDF80069B407 /* SettingsView.swift in Sources */,
			);
			runOnlyForDeploymentPostprocessing = 0;
		};
		9B80473C29B768010069B407 /* Sources */ = {
			isa = PBXSourcesBuildPhase;
			buildActionMask = 2147483647;
			files = (
				9B70BD9E29B91F42000DB31C /* AlbumTile.swift in Sources */,
				9B80475329B7C7E30069B407 /* MacSettingsView.swift in Sources */,
				9B80474629B768010069B407 /* ContentView.swift in Sources */,
				48C1F8DB29B9FEB9003BE048 /* AlbumService.swift in Sources */,
				48C1F8DE29B9FF91003BE048 /* API.swift in Sources */,
				9B80477129B89EE40069B407 /* AlbumListView.swift in Sources */,
				9BDB099129BB1E73007F99E4 /* DefaultSongService.swift in Sources */,
				9BB754DF29BA8522009BB3A6 /* DTOs+Codable.swift in Sources */,
				9B80475629B7CDA40069B407 /* SignInView.swift in Sources */,
				9BDB098E29BB1DD9007F99E4 /* SongService.swift in Sources */,
				48C1F8C329B9E795003BE048 /* Store+common.swift in Sources */,
				9B80474429B768010069B407 /* JellyMusicApp.swift in Sources */,
				9B70BDA129B923AE000DB31C /* AlbumView.swift in Sources */,
				9BDB099429BB1F57007F99E4 /* DummySongService.swift in Sources */,
				48C1F8CA29B9EA60003BE048 /* DTOs+Identifiable.swift in Sources */,
				9BB754DC29BA604C009BB3A6 /* DTOs.swift in Sources */,
				9B80475929B7D4BF0069B407 /* ServerUrlView.swift in Sources */,
				48C1F8D829B9FDDF003BE048 /* DummyAlbumService.swift in Sources */,
				48C1F8C729B9E80D003BE048 /* DTOs+Equatable.swift in Sources */,
				48C1F8D129B9F3E4003BE048 /* DefaultAlbumService.swift in Sources */,
			);
			runOnlyForDeploymentPostprocessing = 0;
		};
/* End PBXSourcesBuildPhase section */

/* Begin XCBuildConfiguration section */
		9B80474929B768010069B407 /* Debug */ = {
			isa = XCBuildConfiguration;
			buildSettings = {
				ALWAYS_SEARCH_USER_PATHS = NO;
				CLANG_ANALYZER_NONNULL = YES;
				CLANG_ANALYZER_NUMBER_OBJECT_CONVERSION = YES_AGGRESSIVE;
				CLANG_CXX_LANGUAGE_STANDARD = "gnu++17";
				CLANG_CXX_LIBRARY = "libc++";
				CLANG_ENABLE_MODULES = YES;
				CLANG_ENABLE_OBJC_ARC = YES;
				CLANG_ENABLE_OBJC_WEAK = YES;
				CLANG_WARN_BLOCK_CAPTURE_AUTORELEASING = YES;
				CLANG_WARN_BOOL_CONVERSION = YES;
				CLANG_WARN_COMMA = YES;
				CLANG_WARN_CONSTANT_CONVERSION = YES;
				CLANG_WARN_DEPRECATED_OBJC_IMPLEMENTATIONS = YES;
				CLANG_WARN_DIRECT_OBJC_ISA_USAGE = YES_ERROR;
				CLANG_WARN_DOCUMENTATION_COMMENTS = YES;
				CLANG_WARN_EMPTY_BODY = YES;
				CLANG_WARN_ENUM_CONVERSION = YES;
				CLANG_WARN_INFINITE_RECURSION = YES;
				CLANG_WARN_INT_CONVERSION = YES;
				CLANG_WARN_NON_LITERAL_NULL_CONVERSION = YES;
				CLANG_WARN_OBJC_IMPLICIT_RETAIN_SELF = YES;
				CLANG_WARN_OBJC_LITERAL_CONVERSION = YES;
				CLANG_WARN_OBJC_ROOT_CLASS = YES_ERROR;
				CLANG_WARN_QUOTED_INCLUDE_IN_FRAMEWORK_HEADER = YES;
				CLANG_WARN_RANGE_LOOP_ANALYSIS = YES;
				CLANG_WARN_STRICT_PROTOTYPES = YES;
				CLANG_WARN_SUSPICIOUS_MOVE = YES;
				CLANG_WARN_UNGUARDED_AVAILABILITY = YES_AGGRESSIVE;
				CLANG_WARN_UNREACHABLE_CODE = YES;
				CLANG_WARN__DUPLICATE_METHOD_MATCH = YES;
				COPY_PHASE_STRIP = NO;
				DEAD_CODE_STRIPPING = YES;
				DEBUG_INFORMATION_FORMAT = dwarf;
				ENABLE_STRICT_OBJC_MSGSEND = YES;
				ENABLE_TESTABILITY = YES;
				GCC_C_LANGUAGE_STANDARD = gnu11;
				GCC_DYNAMIC_NO_PIC = NO;
				GCC_NO_COMMON_BLOCKS = YES;
				GCC_OPTIMIZATION_LEVEL = 0;
				GCC_PREPROCESSOR_DEFINITIONS = (
					"DEBUG=1",
					"$(inherited)",
				);
				GCC_WARN_64_TO_32_BIT_CONVERSION = YES;
				GCC_WARN_ABOUT_RETURN_TYPE = YES_ERROR;
				GCC_WARN_UNDECLARED_SELECTOR = YES;
				GCC_WARN_UNINITIALIZED_AUTOS = YES_AGGRESSIVE;
				GCC_WARN_UNUSED_FUNCTION = YES;
				GCC_WARN_UNUSED_VARIABLE = YES;
				IPHONEOS_DEPLOYMENT_TARGET = 14.3;
				MACOSX_DEPLOYMENT_TARGET = 12.2;
				MTL_ENABLE_DEBUG_INFO = INCLUDE_SOURCE;
				MTL_FAST_MATH = YES;
				ONLY_ACTIVE_ARCH = YES;
				SDKROOT = macosx;
				SWIFT_ACTIVE_COMPILATION_CONDITIONS = DEBUG;
				SWIFT_OPTIMIZATION_LEVEL = "-Onone";
			};
			name = Debug;
		};
		9B80474A29B768010069B407 /* Release */ = {
			isa = XCBuildConfiguration;
			buildSettings = {
				ALWAYS_SEARCH_USER_PATHS = NO;
				CLANG_ANALYZER_NONNULL = YES;
				CLANG_ANALYZER_NUMBER_OBJECT_CONVERSION = YES_AGGRESSIVE;
				CLANG_CXX_LANGUAGE_STANDARD = "gnu++17";
				CLANG_CXX_LIBRARY = "libc++";
				CLANG_ENABLE_MODULES = YES;
				CLANG_ENABLE_OBJC_ARC = YES;
				CLANG_ENABLE_OBJC_WEAK = YES;
				CLANG_WARN_BLOCK_CAPTURE_AUTORELEASING = YES;
				CLANG_WARN_BOOL_CONVERSION = YES;
				CLANG_WARN_COMMA = YES;
				CLANG_WARN_CONSTANT_CONVERSION = YES;
				CLANG_WARN_DEPRECATED_OBJC_IMPLEMENTATIONS = YES;
				CLANG_WARN_DIRECT_OBJC_ISA_USAGE = YES_ERROR;
				CLANG_WARN_DOCUMENTATION_COMMENTS = YES;
				CLANG_WARN_EMPTY_BODY = YES;
				CLANG_WARN_ENUM_CONVERSION = YES;
				CLANG_WARN_INFINITE_RECURSION = YES;
				CLANG_WARN_INT_CONVERSION = YES;
				CLANG_WARN_NON_LITERAL_NULL_CONVERSION = YES;
				CLANG_WARN_OBJC_IMPLICIT_RETAIN_SELF = YES;
				CLANG_WARN_OBJC_LITERAL_CONVERSION = YES;
				CLANG_WARN_OBJC_ROOT_CLASS = YES_ERROR;
				CLANG_WARN_QUOTED_INCLUDE_IN_FRAMEWORK_HEADER = YES;
				CLANG_WARN_RANGE_LOOP_ANALYSIS = YES;
				CLANG_WARN_STRICT_PROTOTYPES = YES;
				CLANG_WARN_SUSPICIOUS_MOVE = YES;
				CLANG_WARN_UNGUARDED_AVAILABILITY = YES_AGGRESSIVE;
				CLANG_WARN_UNREACHABLE_CODE = YES;
				CLANG_WARN__DUPLICATE_METHOD_MATCH = YES;
				COPY_PHASE_STRIP = NO;
				DEAD_CODE_STRIPPING = YES;
				DEBUG_INFORMATION_FORMAT = "dwarf-with-dsym";
				ENABLE_NS_ASSERTIONS = NO;
				ENABLE_STRICT_OBJC_MSGSEND = YES;
				GCC_C_LANGUAGE_STANDARD = gnu11;
				GCC_NO_COMMON_BLOCKS = YES;
				GCC_WARN_64_TO_32_BIT_CONVERSION = YES;
				GCC_WARN_ABOUT_RETURN_TYPE = YES_ERROR;
				GCC_WARN_UNDECLARED_SELECTOR = YES;
				GCC_WARN_UNINITIALIZED_AUTOS = YES_AGGRESSIVE;
				GCC_WARN_UNUSED_FUNCTION = YES;
				GCC_WARN_UNUSED_VARIABLE = YES;
				IPHONEOS_DEPLOYMENT_TARGET = 14.3;
				MACOSX_DEPLOYMENT_TARGET = 12.2;
				MTL_ENABLE_DEBUG_INFO = NO;
				MTL_FAST_MATH = YES;
				SDKROOT = macosx;
				SWIFT_COMPILATION_MODE = wholemodule;
				SWIFT_OPTIMIZATION_LEVEL = "-O";
			};
			name = Release;
		};
		9B80474C29B768010069B407 /* Debug */ = {
			isa = XCBuildConfiguration;
			buildSettings = {
				ASSETCATALOG_COMPILER_APPICON_NAME = AppIcon;
				ASSETCATALOG_COMPILER_GLOBAL_ACCENT_COLOR_NAME = AccentColor;
				CODE_SIGN_STYLE = Automatic;
				CURRENT_PROJECT_VERSION = 1;
				DEVELOPMENT_TEAM = H94V7X4C6B;
				ENABLE_PREVIEWS = YES;
				GENERATE_INFOPLIST_FILE = YES;
				INFOPLIST_KEY_UIApplicationSceneManifest_Generation = YES;
				INFOPLIST_KEY_UIApplicationSupportsIndirectInputEvents = YES;
				INFOPLIST_KEY_UILaunchScreen_Generation = YES;
				INFOPLIST_KEY_UISupportedInterfaceOrientations_iPad = "UIInterfaceOrientationPortrait UIInterfaceOrientationPortraitUpsideDown UIInterfaceOrientationLandscapeLeft UIInterfaceOrientationLandscapeRight";
				INFOPLIST_KEY_UISupportedInterfaceOrientations_iPhone = "UIInterfaceOrientationPortrait UIInterfaceOrientationLandscapeLeft UIInterfaceOrientationLandscapeRight";
				IPHONEOS_DEPLOYMENT_TARGET = 14.3;
				LD_RUNPATH_SEARCH_PATHS = (
					"$(inherited)",
					"@executable_path/Frameworks",
				);
				MARKETING_VERSION = 1.0;
				PRODUCT_BUNDLE_IDENTIFIER = org.lyarenei.JellyMusic;
				PRODUCT_NAME = JellyMusic;
				SDKROOT = iphoneos;
				SWIFT_EMIT_LOC_STRINGS = YES;
				SWIFT_VERSION = 5.0;
				TARGETED_DEVICE_FAMILY = "1,2";
			};
			name = Debug;
		};
		9B80474D29B768010069B407 /* Release */ = {
			isa = XCBuildConfiguration;
			buildSettings = {
				ASSETCATALOG_COMPILER_APPICON_NAME = AppIcon;
				ASSETCATALOG_COMPILER_GLOBAL_ACCENT_COLOR_NAME = AccentColor;
				CODE_SIGN_STYLE = Automatic;
				CURRENT_PROJECT_VERSION = 1;
				DEVELOPMENT_TEAM = H94V7X4C6B;
				ENABLE_PREVIEWS = YES;
				GENERATE_INFOPLIST_FILE = YES;
				INFOPLIST_KEY_UIApplicationSceneManifest_Generation = YES;
				INFOPLIST_KEY_UIApplicationSupportsIndirectInputEvents = YES;
				INFOPLIST_KEY_UILaunchScreen_Generation = YES;
				INFOPLIST_KEY_UISupportedInterfaceOrientations_iPad = "UIInterfaceOrientationPortrait UIInterfaceOrientationPortraitUpsideDown UIInterfaceOrientationLandscapeLeft UIInterfaceOrientationLandscapeRight";
				INFOPLIST_KEY_UISupportedInterfaceOrientations_iPhone = "UIInterfaceOrientationPortrait UIInterfaceOrientationLandscapeLeft UIInterfaceOrientationLandscapeRight";
				IPHONEOS_DEPLOYMENT_TARGET = 14.3;
				LD_RUNPATH_SEARCH_PATHS = (
					"$(inherited)",
					"@executable_path/Frameworks",
				);
				MARKETING_VERSION = 1.0;
				PRODUCT_BUNDLE_IDENTIFIER = org.lyarenei.JellyMusic;
				PRODUCT_NAME = JellyMusic;
				SDKROOT = iphoneos;
				SWIFT_EMIT_LOC_STRINGS = YES;
				SWIFT_VERSION = 5.0;
				TARGETED_DEVICE_FAMILY = "1,2";
				VALIDATE_PRODUCT = YES;
			};
			name = Release;
		};
		9B80474F29B768010069B407 /* Debug */ = {
			isa = XCBuildConfiguration;
			buildSettings = {
				ASSETCATALOG_COMPILER_APPICON_NAME = AppIcon;
				ASSETCATALOG_COMPILER_GLOBAL_ACCENT_COLOR_NAME = AccentColor;
				CODE_SIGN_ENTITLEMENTS = macOS/macOS.entitlements;
				CODE_SIGN_IDENTITY = "-";
				CODE_SIGN_STYLE = Automatic;
				COMBINE_HIDPI_IMAGES = YES;
				CURRENT_PROJECT_VERSION = 1;
				DEAD_CODE_STRIPPING = YES;
				DEVELOPMENT_TEAM = H94V7X4C6B;
				ENABLE_HARDENED_RUNTIME = YES;
				ENABLE_PREVIEWS = YES;
				GENERATE_INFOPLIST_FILE = YES;
				INFOPLIST_KEY_NSHumanReadableCopyright = "";
				LD_RUNPATH_SEARCH_PATHS = (
					"$(inherited)",
					"@executable_path/../Frameworks",
				);
				MACOSX_DEPLOYMENT_TARGET = 12.1;
				MARKETING_VERSION = 1.0;
				PRODUCT_BUNDLE_IDENTIFIER = org.lyarenei.JellyMusic;
				PRODUCT_NAME = JellyMusic;
				SDKROOT = macosx;
				SWIFT_EMIT_LOC_STRINGS = YES;
				SWIFT_VERSION = 5.0;
			};
			name = Debug;
		};
		9B80475029B768010069B407 /* Release */ = {
			isa = XCBuildConfiguration;
			buildSettings = {
				ASSETCATALOG_COMPILER_APPICON_NAME = AppIcon;
				ASSETCATALOG_COMPILER_GLOBAL_ACCENT_COLOR_NAME = AccentColor;
				CODE_SIGN_ENTITLEMENTS = macOS/macOS.entitlements;
				CODE_SIGN_IDENTITY = "-";
				CODE_SIGN_STYLE = Automatic;
				COMBINE_HIDPI_IMAGES = YES;
				CURRENT_PROJECT_VERSION = 1;
				DEAD_CODE_STRIPPING = YES;
				DEVELOPMENT_TEAM = H94V7X4C6B;
				ENABLE_HARDENED_RUNTIME = YES;
				ENABLE_PREVIEWS = YES;
				GENERATE_INFOPLIST_FILE = YES;
				INFOPLIST_KEY_NSHumanReadableCopyright = "";
				LD_RUNPATH_SEARCH_PATHS = (
					"$(inherited)",
					"@executable_path/../Frameworks",
				);
				MACOSX_DEPLOYMENT_TARGET = 12.1;
				MARKETING_VERSION = 1.0;
				PRODUCT_BUNDLE_IDENTIFIER = org.lyarenei.JellyMusic;
				PRODUCT_NAME = JellyMusic;
				SDKROOT = macosx;
				SWIFT_EMIT_LOC_STRINGS = YES;
				SWIFT_VERSION = 5.0;
			};
			name = Release;
		};
/* End XCBuildConfiguration section */

/* Begin XCConfigurationList section */
		9B80473129B768000069B407 /* Build configuration list for PBXProject "JellyMusic" */ = {
			isa = XCConfigurationList;
			buildConfigurations = (
				9B80474929B768010069B407 /* Debug */,
				9B80474A29B768010069B407 /* Release */,
			);
			defaultConfigurationIsVisible = 0;
			defaultConfigurationName = Release;
		};
		9B80474B29B768010069B407 /* Build configuration list for PBXNativeTarget "JellyMusic (iOS)" */ = {
			isa = XCConfigurationList;
			buildConfigurations = (
				9B80474C29B768010069B407 /* Debug */,
				9B80474D29B768010069B407 /* Release */,
			);
			defaultConfigurationIsVisible = 0;
			defaultConfigurationName = Release;
		};
		9B80474E29B768010069B407 /* Build configuration list for PBXNativeTarget "JellyMusic (macOS)" */ = {
			isa = XCConfigurationList;
			buildConfigurations = (
				9B80474F29B768010069B407 /* Debug */,
				9B80475029B768010069B407 /* Release */,
			);
			defaultConfigurationIsVisible = 0;
			defaultConfigurationName = Release;
		};
/* End XCConfigurationList section */

/* Begin XCRemoteSwiftPackageReference section */
		48C1F8BA29B9E5C9003BE048 /* XCRemoteSwiftPackageReference "Kingfisher" */ = {
			isa = XCRemoteSwiftPackageReference;
			repositoryURL = "https://github.com/onevcat/Kingfisher.git";
			requirement = {
				kind = upToNextMajorVersion;
				minimumVersion = 7.0.0;
			};
		};
		48C1F8BD29B9E6D1003BE048 /* XCRemoteSwiftPackageReference "Boutique" */ = {
			isa = XCRemoteSwiftPackageReference;
			repositoryURL = "https://github.com/mergesort/Boutique.git";
			requirement = {
				kind = upToNextMajorVersion;
				minimumVersion = 2.0.0;
			};
		};
		48C1F8CB29B9EE97003BE048 /* XCRemoteSwiftPackageReference "SFSafeSymbols" */ = {
			isa = XCRemoteSwiftPackageReference;
			repositoryURL = "https://github.com/SFSafeSymbols/SFSafeSymbols.git";
			requirement = {
				kind = upToNextMajorVersion;
				minimumVersion = 4.1.1;
			};
		};
		9BB754D429B93F3C009BB3A6 /* XCRemoteSwiftPackageReference "jellyfin-sdk-swift" */ = {
			isa = XCRemoteSwiftPackageReference;
			repositoryURL = "https://github.com/jellyfin/jellyfin-sdk-swift";
			requirement = {
				kind = upToNextMajorVersion;
				minimumVersion = 0.2.2;
			};
		};
/* End XCRemoteSwiftPackageReference section */

/* Begin XCSwiftPackageProductDependency section */
		48C1F8BB29B9E5C9003BE048 /* Kingfisher */ = {
			isa = XCSwiftPackageProductDependency;
			package = 48C1F8BA29B9E5C9003BE048 /* XCRemoteSwiftPackageReference "Kingfisher" */;
			productName = Kingfisher;
		};
		48C1F8BE29B9E6D1003BE048 /* Boutique */ = {
			isa = XCSwiftPackageProductDependency;
			package = 48C1F8BD29B9E6D1003BE048 /* XCRemoteSwiftPackageReference "Boutique" */;
			productName = Boutique;
		};
		48C1F8CC29B9EE97003BE048 /* SFSafeSymbols */ = {
			isa = XCSwiftPackageProductDependency;
			package = 48C1F8CB29B9EE97003BE048 /* XCRemoteSwiftPackageReference "SFSafeSymbols" */;
			productName = SFSafeSymbols;
		};
		9BB754D529B93F3C009BB3A6 /* JellyfinAPI */ = {
			isa = XCSwiftPackageProductDependency;
			package = 9BB754D429B93F3C009BB3A6 /* XCRemoteSwiftPackageReference "jellyfin-sdk-swift" */;
			productName = JellyfinAPI;
		};
/* End XCSwiftPackageProductDependency section */
	};
	rootObject = 9B80472E29B768000069B407 /* Project object */;
}
