{
  "originHash" : "54e420f3cc4641423ce643ec19d956e0a5f6b5d3f0d65fa7567eb5d1105ea0c5",
  "pins" : [
    {
      "identity" : "bodega",
      "kind" : "remoteSourceControl",
      "location" : "https://github.com/mergesort/Bodega.git",
      "state" : {
        "revision" : "f0554077c178088ba11557bbdbb71775cc6a1b84",
        "version" : "2.1.0"
      }
    },
    {
      "identity" : "boutique",
      "kind" : "remoteSourceControl",
      "location" : "https://github.com/mergesort/Boutique.git",
      "state" : {
        "revision" : "9f595373d2fcbcd13a891699729a7a70db8050cf",
        "version" : "2.4.4"
      }
    },
    {
      "identity" : "buttonkit",
      "kind" : "remoteSourceControl",
      "location" : "https://github.com/Dean151/ButtonKit.git",
      "state" : {
        "revision" : "9e44e960106bd222ca26ddc1e8d85df36229cc40",
        "version" : "0.3.1"
      }
    },
    {
      "identity" : "debouncedonchange",
      "kind" : "remoteSourceControl",
      "location" : "https://github.com/Tunous/DebouncedOnChange.git",
      "state" : {
        "revision" : "b699017e13966e35c9388c8cc97151c8883dda1e",
        "version" : "1.1.0"
      }
    },
    {
      "identity" : "defaults",
      "kind" : "remoteSourceControl",
      "location" : "https://github.com/sindresorhus/Defaults",
      "state" : {
        "branch" : "main",
        "revision" : "d8a954e69ff13b0f7805f3757c8f8d0c8ef5a8cb"
      }
    },
    {
      "identity" : "drops",
      "kind" : "remoteSourceControl",
      "location" : "https://github.com/omaralbeik/Drops",
      "state" : {
        "revision" : "a183ee6f79f21c940092a19c2cba756555422371",
        "version" : "1.7.0"
      }
    },
    {
      "identity" : "get",
      "kind" : "remoteSourceControl",
      "location" : "https://github.com/kean/Get",
      "state" : {
        "revision" : "74dba201ebe42e9c15c1db6ee1cc893025bbef94",
        "version" : "2.2.0"
      }
    },
    {
      "identity" : "jellyfin-sdk-swift",
      "kind" : "remoteSourceControl",
      "location" : "https://github.com/jellyfin/jellyfin-sdk-swift",
      "state" : {
        "revision" : "eae2ab5ed7caf770d79afbcdae08aab48df27a6e",
        "version" : "0.3.4"
      }
    },
    {
      "identity" : "kingfisher",
      "kind" : "remoteSourceControl",
      "location" : "https://github.com/onevcat/Kingfisher.git",
      "state" : {
        "revision" : "5b92f029fab2cce44386d28588098b5be0824ef5",
        "version" : "7.11.0"
      }
    },
    {
      "identity" : "lnpopupcontroller",
      "kind" : "remoteSourceControl",
      "location" : "https://github.com/LeoNatan/LNPopupController.git",
      "state" : {
        "revision" : "ea0080748e9aea9d867068823e92dae71944df8f",
        "version" : "2.18.8"
      }
    },
    {
      "identity" : "lnpopupui",
      "kind" : "remoteSourceControl",
      "location" : "https://github.com/LeoNatan/LNPopupUI.git",
      "state" : {
        "revision" : "3f4b5039823235e567c32e458841b93189132d4a",
        "version" : "1.7.4"
      }
    },
    {
      "identity" : "lnswiftuiutils",
      "kind" : "remoteSourceControl",
      "location" : "https://github.com/LeoNatan/LNSwiftUIUtils.git",
      "state" : {
        "revision" : "954a3adadc21d5b973c24e1320bdcc3d638c6a9c",
        "version" : "1.1.1"
      }
    },
    {
      "identity" : "marqueetext",
      "kind" : "remoteSourceControl",
      "location" : "https://github.com/joekndy/MarqueeText",
      "state" : {
        "branch" : "master",
        "revision" : "e18d514455563ad00581e0d825146c6f15b1c6c4"
      }
    },
    {
      "identity" : "sfsafesymbols",
      "kind" : "remoteSourceControl",
      "location" : "https://github.com/SFSafeSymbols/SFSafeSymbols.git",
      "state" : {
        "revision" : "7cca2d60925876b5953a2cf7341cd80fbeac983c",
        "version" : "4.1.1"
      }
    },
    {
      "identity" : "simplekeychain",
      "kind" : "remoteSourceControl",
      "location" : "https://github.com/auth0/SimpleKeychain",
      "state" : {
        "revision" : "f082494aab8056139a4fe234c920a9f92f681aff",
        "version" : "1.1.0"
      }
    },
    {
      "identity" : "sqlite.swift",
      "kind" : "remoteSourceControl",
      "location" : "https://github.com/stephencelis/SQLite.swift.git",
      "state" : {
        "revision" : "a95fc6df17d108bd99210db5e8a9bac90fe984b8",
        "version" : "0.15.3"
      }
    },
    {
      "identity" : "swift-collections",
      "kind" : "remoteSourceControl",
      "location" : "https://github.com/apple/swift-collections",
      "state" : {
        "revision" : "94cf62b3ba8d4bed62680a282d4c25f9c63c2efb",
        "version" : "1.1.0"
      }
    },
    {
      "identity" : "swiftuix",
      "kind" : "remoteSourceControl",
      "location" : "https://github.com/SwiftUIX/SwiftUIX",
      "state" : {
        "revision" : "ff1176d8c06c2ac81db3dfd36c63ec8a9c2ccbca",
        "version" : "0.2.1"
      }
    },
    {
      "identity" : "urlqueryencoder",
      "kind" : "remoteSourceControl",
      "location" : "https://github.com/CreateAPI/URLQueryEncoder",
      "state" : {
        "revision" : "4ce950479707ea109f229d7230ec074a133b15d7",
        "version" : "0.2.1"
      }
    }
  ],
  "version" : 3
}
